OPENSANDBOX_SOURCE_SHA=88004c989e334ffd7811acbe193cddcd9014f14e
OPENSANDBOX_SOURCE_ARCHIVE_SHA256=9cc65ef37a41aee934d392b76a59d551e6e218211dc0d6f5804dc31af26d50ee
OPENSANDBOX_PACKAGED_CHART_SHA256=69aae493b96d25177b491fe34ca2309049a1bd2573d24bc06b46d4ae261b8fa6
OPENSANDBOX_BATCHSANDBOX_CRD_SHA256=d1232cf7b05d8909c8acf60884e4f4cfba6e851562b23f92dd57b8ce7d8ed175
OPENSANDBOX_POOL_CRD_SHA256=08d7b8b6240bbce267e38744612f713e61240ed1cbddbb6b9029ee16ecacce49
OPENSANDBOX_SNAPSHOT_CRD_SHA256=1a50a059e0112db1d4ce284935b9bf02452955471c0dc1cb0770309acb8c5159
OPENSANDBOX_CONTROLLER_IMAGE=docker.io/opensandbox/controller@sha256:a9a5f73c1785ebd955336ffa313973a35c1a1b662cb7afc4ea82d92021b3532a
OPENSANDBOX_SERVER_IMAGE=docker.io/opensandbox/server@sha256:8f8762af7565ed9c6f9dbcf009dd56727aa1fef8ce58a17f2b007b88cfe542bb
OPENSANDBOX_EXECD_IMAGE=docker.io/opensandbox/execd@sha256:1dc98c7de10b9a73450ac75aa0f200ad7972f2c40f5225f6a8998e166b45d6dd
OPENSANDBOX_EGRESS_IMAGE=docker.io/opensandbox/egress@sha256:5788021a4a96620dbe84a1c62baca8d403328d021b81186c6869067d0f98137b